# THIS IS AN AUTOGENERATED FILE. DO NOT EDIT THIS FILE DIRECTLY.
# yarn lockfile v1


commander@^2.15.1:
  version "2.15.1"
  resolved "https://registry.yarnpkg.com/commander/-/commander-2.15.1.tgz#df46e867d0fc2aec66a34662b406a9ccafff5b0f"

image-extensions@^1.0.1:
  version "1.1.0"
  resolved "https://registry.yarnpkg.com/image-extensions/-/image-extensions-1.1.0.tgz#b8e6bf6039df0056e333502a00b6637a3105d894"

is-image@^2.0.0:
  version "2.0.0"
  resolved "https://registry.yarnpkg.com/is-image/-/is-image-2.0.0.tgz#454c9569578de31869371fbfaea4958f461b3e0c"
  dependencies:
    image-extensions "^1.0.1"
